hash: acef351412a37614ab2174f87c47148e35115711390d74af128feb6bc355a6a1
updated: 2016-05-16T20:38:41.181034726-04:00
imports:
- name: github.com/andybalholm/cascadia
  version: 3ad29d1ad1c4f2023e355603324348cf1f4b2d48
- name: github.com/aws/aws-sdk-go
  version: 7bad22e9cff8295edef29844b4daa55ecfb057b9
- name: github.com/go-ini/ini
  version: 12f418cc7edc5a618a51407b7ac1f1f512139df3
- name: github.com/jessevdk/go-flags
  version: 6b9493b3cb60367edd942144879646604089e3f7
- name: github.com/peterh/liner
  version: 0e4af131b90a9786839c8b1b01717be263e8555a
- name: github.com/PuerkitoBio/goquery
  version: 2e29ea41f0d13f4a303c75553f4eeadddc7a4c56
- name: github.com/tj/go-debug
  version: ff4a55a20a86994118644bbddc6a216da193cc13
- name: golang.org/x/net
  version: ef00b378c73f107bf44d5c9b69875255ce89b79a
  subpackages:
  - html
  - html/atom
devImports: []
